// !$*UTF8*$!
{
	archiveVersion = 1;
	classes = {
	};
	objectVersion = 56;
	objects = {

/* Begin PBXBuildFile section */
		FB6B970D2A78EBC70093798D /* CoreDataFunctions.swift in Sources */ = {isa = PBXBuildFile; fileRef = FB6B970C2A78EBC70093798D /* CoreDataFunctions.swift */; };
		FB6B970F2A78EC2F0093798D /* CoreDataConstants.swift in Sources */ = {isa = PBXBuildFile; fileRef = FB6B970E2A78EC2F0093798D /* CoreDataConstants.swift */; };
		FB6B97112A7945EA0093798D /* MovieModel.xcdatamodeld in Sources */ = {isa = PBXBuildFile; fileRef = FB6B97092A78E32B0093798D /* MovieModel.xcdatamodeld */; };
		FB70E98E2A6EBD1700B8E4D5 /* Kingfisher in Frameworks */ = {isa = PBXBuildFile; productRef = FB70E98D2A6EBD1700B8E4D5 /* Kingfisher */; };
		FB7D58C02A779794001B00F9 /* NetworkService.swift in Sources */ = {isa = PBXBuildFile; fileRef = FB7D58BF2A779794001B00F9 /* NetworkService.swift */; };
		FB7D58C42A77BFAE001B00F9 /* ActorCell.swift in Sources */ = {isa = PBXBuildFile; fileRef = FB7D58C22A77BFAE001B00F9 /* ActorCell.swift */; };
		FB7D58C52A77BFAE001B00F9 /* ActorCell.xib in Resources */ = {isa = PBXBuildFile; fileRef = FB7D58C32A77BFAE001B00F9 /* ActorCell.xib */; };
		FB7D58C82A77C396001B00F9 /* RecommendationCell.swift in Sources */ = {isa = PBXBuildFile; fileRef = FB7D58C62A77C396001B00F9 /* RecommendationCell.swift */; };
		FB7D58C92A77C396001B00F9 /* RecommendationCell.xib in Resources */ = {isa = PBXBuildFile; fileRef = FB7D58C72A77C396001B00F9 /* RecommendationCell.xib */; };
		FB7D58CB2A77C5B9001B00F9 /* CollectionViewExtension.swift in Sources */ = {isa = PBXBuildFile; fileRef = FB7D58CA2A77C5B9001B00F9 /* CollectionViewExtension.swift */; };
		FB7F1F2E2A6E508600F04E41 /* AppDelegate.swift in Sources */ = {isa = PBXBuildFile; fileRef = FB7F1F2D2A6E508600F04E41 /* AppDelegate.swift */; };
		FB7F1F302A6E508600F04E41 /* SceneDelegate.swift in Sources */ = {isa = PBXBuildFile; fileRef = FB7F1F2F2A6E508600F04E41 /* SceneDelegate.swift */; };
		FB7F1F322A6E508600F04E41 /* PopularMoviesViewController.swift in Sources */ = {isa = PBXBuildFile; fileRef = FB7F1F312A6E508600F04E41 /* PopularMoviesViewController.swift */; };
		FB7F1F352A6E508600F04E41 /* Main.storyboard in Resources */ = {isa = PBXBuildFile; fileRef = FB7F1F332A6E508600F04E41 /* Main.storyboard */; };
		FB7F1F372A6E508800F04E41 /* Assets.xcassets in Resources */ = {isa = PBXBuildFile; fileRef = FB7F1F362A6E508800F04E41 /* Assets.xcassets */; };
		FB7F1F3A2A6E508800F04E41 /* LaunchScreen.storyboard in Resources */ = {isa = PBXBuildFile; fileRef = FB7F1F382A6E508800F04E41 /* LaunchScreen.storyboard */; };
		FB7F1F482A6E5D9800F04E41 /* MovieCell.swift in Sources */ = {isa = PBXBuildFile; fileRef = FB7F1F462A6E5D9800F04E41 /* MovieCell.swift */; };
		FB7F1F492A6E5D9800F04E41 /* MovieCell.xib in Resources */ = {isa = PBXBuildFile; fileRef = FB7F1F472A6E5D9800F04E41 /* MovieCell.xib */; };
		FB7F1F4B2A6E5DDC00F04E41 /* NetworkManager.swift in Sources */ = {isa = PBXBuildFile; fileRef = FB7F1F4A2A6E5DDC00F04E41 /* NetworkManager.swift */; };
		FB7F1F4E2A6E5E0400F04E41 /* Alamofire in Frameworks */ = {isa = PBXBuildFile; productRef = FB7F1F4D2A6E5E0400F04E41 /* Alamofire */; };
		FB7F1F512A6E642000F04E41 /* NetworkConstants.swift in Sources */ = {isa = PBXBuildFile; fileRef = FB7F1F502A6E642000F04E41 /* NetworkConstants.swift */; };
		FB7F1F532A6E6C7F00F04E41 /* APIResults.swift in Sources */ = {isa = PBXBuildFile; fileRef = FB7F1F522A6E6C7F00F04E41 /* APIResults.swift */; };
		FB9B86952A70F67B003C24A8 /* MovieDetail.swift in Sources */ = {isa = PBXBuildFile; fileRef = FB9B86942A70F67B003C24A8 /* MovieDetail.swift */; };
		FB9B86972A70FA69003C24A8 /* Credits.swift in Sources */ = {isa = PBXBuildFile; fileRef = FB9B86962A70FA69003C24A8 /* Credits.swift */; };
		FB9B86992A710301003C24A8 /* MovieDetailViewController.swift in Sources */ = {isa = PBXBuildFile; fileRef = FB9B86982A710301003C24A8 /* MovieDetailViewController.swift */; };
		FBB4F3F52A6FC48A001EF7EE /* SearchViewController.swift in Sources */ = {isa = PBXBuildFile; fileRef = FBB4F3F42A6FC48A001EF7EE /* SearchViewController.swift */; };
		FBB4F3F82A6FEB32001EF7EE /* TableViewExtension.swift in Sources */ = {isa = PBXBuildFile; fileRef = FBB4F3F72A6FEB32001EF7EE /* TableViewExtension.swift */; };
		FBB4F3FA2A6FFB80001EF7EE /* Utilities.swift in Sources */ = {isa = PBXBuildFile; fileRef = FBB4F3F92A6FFB80001EF7EE /* Utilities.swift */; };
		FBC3875B2A73B33C00179216 /* RecommendationView.xib in Resources */ = {isa = PBXBuildFile; fileRef = FBC3875A2A73B33C00179216 /* RecommendationView.xib */; };
		FBC3875D2A73B35200179216 /* RecommendationView.swift in Sources */ = {isa = PBXBuildFile; fileRef = FBC3875C2A73B35200179216 /* RecommendationView.swift */; };
		FBC3875F2A73E26F00179216 /* CastViewController.swift in Sources */ = {isa = PBXBuildFile; fileRef = FBC3875E2A73E26F00179216 /* CastViewController.swift */; };
		FBC387612A73E42500179216 /* Actor.swift in Sources */ = {isa = PBXBuildFile; fileRef = FBC387602A73E42500179216 /* Actor.swift */; };
		FBC72C152A7A30B200A6B09B /* CoreDataStack.swift in Sources */ = {isa = PBXBuildFile; fileRef = FBC72C142A7A30B200A6B09B /* CoreDataStack.swift */; };
		FBC72C202A7A33C300A6B09B /* MovieEntity+CoreDataClass.swift in Sources */ = {isa = PBXBuildFile; fileRef = FBC72C1E2A7A33C300A6B09B /* MovieEntity+CoreDataClass.swift */; };
		FBC72C212A7A33C300A6B09B /* MovieEntity+CoreDataProperties.swift in Sources */ = {isa = PBXBuildFile; fileRef = FBC72C1F2A7A33C300A6B09B /* MovieEntity+CoreDataProperties.swift */; };
		FBC72C232A7A949300A6B09B /* UIConstants.swift in Sources */ = {isa = PBXBuildFile; fileRef = FBC72C222A7A949300A6B09B /* UIConstants.swift */; };
		FBEBFC7A2A726EDA0051B8EF /* CastView.xib in Resources */ = {isa = PBXBuildFile; fileRef = FBEBFC782A726EDA0051B8EF /* CastView.xib */; };
		FBEBFC7C2A727E4D0051B8EF /* CastView.swift in Sources */ = {isa = PBXBuildFile; fileRef = FBEBFC7B2A727E4D0051B8EF /* CastView.swift */; };
		FBEBFC7E2A728D4B0051B8EF /* FavoriteMoviesViewController.swift in Sources */ = {isa = PBXBuildFile; fileRef = FBEBFC7D2A728D4B0051B8EF /* FavoriteMoviesViewController.swift */; };
/* End PBXBuildFile section */

/* Begin PBXFileReference section */
		FB6B970A2A78E32B0093798D /* MovieModel.xcdatamodel */ = {isa = PBXFileReference; lastKnownFileType = wrapper.xcdatamodel; path = MovieModel.xcdatamodel; sourceTree = "<group>"; };
		FB6B970C2A78EBC70093798D /* CoreDataFunctions.swift */ = {isa = PBXFileReference; lastKnownFileType = sourcecode.swift; path = CoreDataFunctions.swift; sourceTree = "<group>"; };
		FB6B970E2A78EC2F0093798D /* CoreDataConstants.swift */ = {isa = PBXFileReference; lastKnownFileType = sourcecode.swift; path = CoreDataConstants.swift; sourceTree = "<group>"; };
		FB7D58BF2A779794001B00F9 /* NetworkService.swift */ = {isa = PBXFileReference; lastKnownFileType = sourcecode.swift; path = NetworkService.swift; sourceTree = "<group>"; };
		FB7D58C22A77BFAE001B00F9 /* ActorCell.swift */ = {isa = PBXFileReference; lastKnownFileType = sourcecode.swift; path = ActorCell.swift; sourceTree = "<group>"; };
		FB7D58C32A77BFAE001B00F9 /* ActorCell.xib */ = {isa = PBXFileReference; lastKnownFileType = file.xib; path = ActorCell.xib; sourceTree = "<group>"; };
		FB7D58C62A77C396001B00F9 /* RecommendationCell.swift */ = {isa = PBXFileReference; lastKnownFileType = sourcecode.swift; path = RecommendationCell.swift; sourceTree = "<group>"; };
		FB7D58C72A77C396001B00F9 /* RecommendationCell.xib */ = {isa = PBXFileReference; lastKnownFileType = file.xib; path = RecommendationCell.xib; sourceTree = "<group>"; };
		FB7D58CA2A77C5B9001B00F9 /* CollectionViewExtension.swift */ = {isa = PBXFileReference; lastKnownFileType = sourcecode.swift; path = CollectionViewExtension.swift; sourceTree = "<group>"; };
		FB7F1F2A2A6E508600F04E41 /* Movie App.app */ = {isa = PBXFileReference; explicitFileType = wrapper.application; includeInIndex = 0; path = "Movie App.app"; sourceTree = BUILT_PRODUCTS_DIR; };
		FB7F1F2D2A6E508600F04E41 /* AppDelegate.swift */ = {isa = PBXFileReference; lastKnownFileType = sourcecode.swift; path = AppDelegate.swift; sourceTree = "<group>"; };
		FB7F1F2F2A6E508600F04E41 /* SceneDelegate.swift */ = {isa = PBXFileReference; lastKnownFileType = sourcecode.swift; path = SceneDelegate.swift; sourceTree = "<group>"; };
		FB7F1F312A6E508600F04E41 /* PopularMoviesViewController.swift */ = {isa = PBXFileReference; lastKnownFileType = sourcecode.swift; path = PopularMoviesViewController.swift; sourceTree = "<group>"; };
		FB7F1F342A6E508600F04E41 /* Base */ = {isa = PBXFileReference; lastKnownFileType = file.storyboard; name = Base; path = Base.lproj/Main.storyboard; sourceTree = "<group>"; };
		FB7F1F362A6E508800F04E41 /* Assets.xcassets */ = {isa = PBXFileReference; lastKnownFileType = folder.assetcatalog; path = Assets.xcassets; sourceTree = "<group>"; };
		FB7F1F392A6E508800F04E41 /* Base */ = {isa = PBXFileReference; lastKnownFileType = file.storyboard; name = Base; path = Base.lproj/LaunchScreen.storyboard; sourceTree = "<group>"; };
		FB7F1F3B2A6E508800F04E41 /* Info.plist */ = {isa = PBXFileReference; lastKnownFileType = text.plist.xml; path = Info.plist; sourceTree = "<group>"; };
		FB7F1F462A6E5D9800F04E41 /* MovieCell.swift */ = {isa = PBXFileReference; lastKnownFileType = sourcecode.swift; path = MovieCell.swift; sourceTree = "<group>"; };
		FB7F1F472A6E5D9800F04E41 /* MovieCell.xib */ = {isa = PBXFileReference; lastKnownFileType = file.xib; path = MovieCell.xib; sourceTree = "<group>"; };
		FB7F1F4A2A6E5DDC00F04E41 /* NetworkManager.swift */ = {isa = PBXFileReference; lastKnownFileType = sourcecode.swift; path = NetworkManager.swift; sourceTree = "<group>"; };
		FB7F1F502A6E642000F04E41 /* NetworkConstants.swift */ = {isa = PBXFileReference; lastKnownFileType = sourcecode.swift; path = NetworkConstants.swift; sourceTree = "<group>"; };
		FB7F1F522A6E6C7F00F04E41 /* APIResults.swift */ = {isa = PBXFileReference; lastKnownFileType = sourcecode.swift; path = APIResults.swift; sourceTree = "<group>"; };
		FB9B86942A70F67B003C24A8 /* MovieDetail.swift */ = {isa = PBXFileReference; lastKnownFileType = sourcecode.swift; path = MovieDetail.swift; sourceTree = "<group>"; };
		FB9B86962A70FA69003C24A8 /* Credits.swift */ = {isa = PBXFileReference; lastKnownFileType = sourcecode.swift; path = Credits.swift; sourceTree = "<group>"; };
		FB9B86982A710301003C24A8 /* MovieDetailViewController.swift */ = {isa = PBXFileReference; lastKnownFileType = sourcecode.swift; path = MovieDetailViewController.swift; sourceTree = "<group>"; };
		FBB4F3F42A6FC48A001EF7EE /* SearchViewController.swift */ = {isa = PBXFileReference; lastKnownFileType = sourcecode.swift; path = SearchViewController.swift; sourceTree = "<group>"; };
		FBB4F3F72A6FEB32001EF7EE /* TableViewExtension.swift */ = {isa = PBXFileReference; lastKnownFileType = sourcecode.swift; path = TableViewExtension.swift; sourceTree = "<group>"; };
		FBB4F3F92A6FFB80001EF7EE /* Utilities.swift */ = {isa = PBXFileReference; lastKnownFileType = sourcecode.swift; path = Utilities.swift; sourceTree = "<group>"; };
		FBC3875A2A73B33C00179216 /* RecommendationView.xib */ = {isa = PBXFileReference; lastKnownFileType = file.xib; path = RecommendationView.xib; sourceTree = "<group>"; };
		FBC3875C2A73B35200179216 /* RecommendationView.swift */ = {isa = PBXFileReference; lastKnownFileType = sourcecode.swift; path = RecommendationView.swift; sourceTree = "<group>"; };
		FBC3875E2A73E26F00179216 /* CastViewController.swift */ = {isa = PBXFileReference; lastKnownFileType = sourcecode.swift; path = CastViewController.swift; sourceTree = "<group>"; };
		FBC387602A73E42500179216 /* Actor.swift */ = {isa = PBXFileReference; lastKnownFileType = sourcecode.swift; path = Actor.swift; sourceTree = "<group>"; };
		FBC72C142A7A30B200A6B09B /* CoreDataStack.swift */ = {isa = PBXFileReference; lastKnownFileType = sourcecode.swift; path = CoreDataStack.swift; sourceTree = "<group>"; };
		FBC72C1E2A7A33C300A6B09B /* MovieEntity+CoreDataClass.swift */ = {isa = PBXFileReference; lastKnownFileType = sourcecode.swift; path = "MovieEntity+CoreDataClass.swift"; sourceTree = "<group>"; };
		FBC72C1F2A7A33C300A6B09B /* MovieEntity+CoreDataProperties.swift */ = {isa = PBXFileReference; lastKnownFileType = sourcecode.swift; path = "MovieEntity+CoreDataProperties.swift"; sourceTree = "<group>"; };
		FBC72C222A7A949300A6B09B /* UIConstants.swift */ = {isa = PBXFileReference; lastKnownFileType = sourcecode.swift; path = UIConstants.swift; sourceTree = "<group>"; };
		FBEBFC792A726EDA0051B8EF /* Base */ = {isa = PBXFileReference; lastKnownFileType = file.xib; name = Base; path = Base.lproj/CastView.xib; sourceTree = "<group>"; };
		FBEBFC7B2A727E4D0051B8EF /* CastView.swift */ = {isa = PBXFileReference; lastKnownFileType = sourcecode.swift; path = CastView.swift; sourceTree = "<group>"; };
		FBEBFC7D2A728D4B0051B8EF /* FavoriteMoviesViewController.swift */ = {isa = PBXFileReference; lastKnownFileType = sourcecode.swift; path = FavoriteMoviesViewController.swift; sourceTree = "<group>"; };
/* End PBXFileReference section */

/* Begin PBXFrameworksBuildPhase section */
		FB7F1F272A6E508600F04E41 /* Frameworks */ = {
			isa = PBXFrameworksBuildPhase;
			buildActionMask = 2147483647;
			files = (
				FB70E98E2A6EBD1700B8E4D5 /* Kingfisher in Frameworks */,
				FB7F1F4E2A6E5E0400F04E41 /* Alamofire in Frameworks */,
			);
			runOnlyForDeploymentPostprocessing = 0;
		};
/* End PBXFrameworksBuildPhase section */

/* Begin PBXGroup section */
		FB6B97102A7912CD0093798D /* CoreData */ = {
			isa = PBXGroup;
			children = (
				FB6B97092A78E32B0093798D /* MovieModel.xcdatamodeld */,
				FBC72C1E2A7A33C300A6B09B /* MovieEntity+CoreDataClass.swift */,
				FBC72C1F2A7A33C300A6B09B /* MovieEntity+CoreDataProperties.swift */,
				FB6B970C2A78EBC70093798D /* CoreDataFunctions.swift */,
				FB6B970E2A78EC2F0093798D /* CoreDataConstants.swift */,
				FBC72C142A7A30B200A6B09B /* CoreDataStack.swift */,
			);
			path = CoreData;
			sourceTree = "<group>";
		};
		FB7D58C12A7797C3001B00F9 /* Network */ = {
			isa = PBXGroup;
			children = (
				FB7F1F4A2A6E5DDC00F04E41 /* NetworkManager.swift */,
				FB7D58BF2A779794001B00F9 /* NetworkService.swift */,
				FB7F1F502A6E642000F04E41 /* NetworkConstants.swift */,
			);
			path = Network;
			sourceTree = "<group>";
		};
		FB7F1F212A6E508600F04E41 = {
			isa = PBXGroup;
			children = (
				FB7F1F2C2A6E508600F04E41 /* Movie App */,
				FB7F1F2B2A6E508600F04E41 /* Products */,
			);
			sourceTree = "<group>";
		};
		FB7F1F2B2A6E508600F04E41 /* Products */ = {
			isa = PBXGroup;
			children = (
				FB7F1F2A2A6E508600F04E41 /* Movie App.app */,
			);
			name = Products;
			sourceTree = "<group>";
		};
		FB7F1F2C2A6E508600F04E41 /* Movie App */ = {
			isa = PBXGroup;
			children = (
				FB6B97102A7912CD0093798D /* CoreData */,
				FBB4F3F62A6FEAF7001EF7EE /* Extension */,
				FB7F1F412A6E5D0F00F04E41 /* Model */,
				FB7F1F4F2A6E640B00F04E41 /* Utilities */,
				FB7F1F452A6E5D4100F04E41 /* Delegate */,
				FB7F1F442A6E5D2200F04E41 /* Cell */,
				FB7D58C12A7797C3001B00F9 /* Network */,
				FB7F1F432A6E5D1C00F04E41 /* Controller */,
				FB7F1F422A6E5D1600F04E41 /* View */,
				FB7F1F362A6E508800F04E41 /* Assets.xcassets */,
				FB7F1F3B2A6E508800F04E41 /* Info.plist */,
			);
			path = "Movie App";
			sourceTree = "<group>";
		};
		FB7F1F412A6E5D0F00F04E41 /* Model */ = {
			isa = PBXGroup;
			children = (
				FB7F1F522A6E6C7F00F04E41 /* APIResults.swift */,
				FB9B86942A70F67B003C24A8 /* MovieDetail.swift */,
				FB9B86962A70FA69003C24A8 /* Credits.swift */,
				FBC387602A73E42500179216 /* Actor.swift */,
			);
			path = Model;
			sourceTree = "<group>";
		};
		FB7F1F422A6E5D1600F04E41 /* View */ = {
			isa = PBXGroup;
			children = (
				FB7F1F382A6E508800F04E41 /* LaunchScreen.storyboard */,
				FB7F1F332A6E508600F04E41 /* Main.storyboard */,
				FBEBFC782A726EDA0051B8EF /* CastView.xib */,
				FBEBFC7B2A727E4D0051B8EF /* CastView.swift */,
				FBC3875A2A73B33C00179216 /* RecommendationView.xib */,
				FBC3875C2A73B35200179216 /* RecommendationView.swift */,
			);
			path = View;
			sourceTree = "<group>";
		};
		FB7F1F432A6E5D1C00F04E41 /* Controller */ = {
			isa = PBXGroup;
			children = (
				FB7F1F312A6E508600F04E41 /* PopularMoviesViewController.swift */,
				FBB4F3F42A6FC48A001EF7EE /* SearchViewController.swift */,
				FB9B86982A710301003C24A8 /* MovieDetailViewController.swift */,
				FBEBFC7D2A728D4B0051B8EF /* FavoriteMoviesViewController.swift */,
				FBC3875E2A73E26F00179216 /* CastViewController.swift */,
			);
			path = Controller;
			sourceTree = "<group>";
		};
		FB7F1F442A6E5D2200F04E41 /* Cell */ = {
			isa = PBXGroup;
			children = (
				FB7F1F462A6E5D9800F04E41 /* MovieCell.swift */,
				FB7F1F472A6E5D9800F04E41 /* MovieCell.xib */,
				FB7D58C22A77BFAE001B00F9 /* ActorCell.swift */,
				FB7D58C32A77BFAE001B00F9 /* ActorCell.xib */,
				FB7D58C62A77C396001B00F9 /* RecommendationCell.swift */,
				FB7D58C72A77C396001B00F9 /* RecommendationCell.xib */,
			);
			path = Cell;
			sourceTree = "<group>";
		};
		FB7F1F452A6E5D4100F04E41 /* Delegate */ = {
			isa = PBXGroup;
			children = (
				FB7F1F2D2A6E508600F04E41 /* AppDelegate.swift */,
				FB7F1F2F2A6E508600F04E41 /* SceneDelegate.swift */,
			);
			path = Delegate;
			sourceTree = "<group>";
		};
		FB7F1F4F2A6E640B00F04E41 /* Utilities */ = {
			isa = PBXGroup;
			children = (
				FBB4F3F92A6FFB80001EF7EE /* Utilities.swift */,
				FBC72C222A7A949300A6B09B /* UIConstants.swift */,
			);
			path = Utilities;
			sourceTree = "<group>";
		};
		FBB4F3F62A6FEAF7001EF7EE /* Extension */ = {
			isa = PBXGroup;
			children = (
				FBB4F3F72A6FEB32001EF7EE /* TableViewExtension.swift */,
				FB7D58CA2A77C5B9001B00F9 /* CollectionViewExtension.swift */,
			);
			path = Extension;
			sourceTree = "<group>";
		};
/* End PBXGroup section */

/* Begin PBXNativeTarget section */
		FB7F1F292A6E508600F04E41 /* Movie App */ = {
			isa = PBXNativeTarget;
			buildConfigurationList = FB7F1F3E2A6E508800F04E41 /* Build configuration list for PBXNativeTarget "Movie App" */;
			buildPhases = (
				FB7F1F262A6E508600F04E41 /* Sources */,
				FB7F1F272A6E508600F04E41 /* Frameworks */,
				FB7F1F282A6E508600F04E41 /* Resources */,
			);
			buildRules = (
			);
			dependencies = (
			);
			name = "Movie App";
			packageProductDependencies = (
				FB7F1F4D2A6E5E0400F04E41 /* Alamofire */,
				FB70E98D2A6EBD1700B8E4D5 /* Kingfisher */,
			);
			productName = "Movie App";
			productReference = FB7F1F2A2A6E508600F04E41 /* Movie App.app */;
			productType = "com.apple.product-type.application";
		};
/* End PBXNativeTarget section */

/* Begin PBXProject section */
		FB7F1F222A6E508600F04E41 /* Project object */ = {
			isa = PBXProject;
			attributes = {
				BuildIndependentTargetsInParallel = 1;
				LastSwiftUpdateCheck = 1430;
				LastUpgradeCheck = 1430;
				TargetAttributes = {
					FB7F1F292A6E508600F04E41 = {
						CreatedOnToolsVersion = 14.3.1;
					};
				};
			};
			buildConfigurationList = FB7F1F252A6E508600F04E41 /* Build configuration list for PBXProject "Movie App" */;
			compatibilityVersion = "Xcode 14.0";
			developmentRegion = en;
			hasScannedForEncodings = 0;
			knownRegions = (
				en,
				Base,
			);
			mainGroup = FB7F1F212A6E508600F04E41;
			packageReferences = (
				FB7F1F4C2A6E5E0400F04E41 /* XCRemoteSwiftPackageReference "Alamofire" */,
				FB70E98C2A6EBD1700B8E4D5 /* XCRemoteSwiftPackageReference "Kingfisher" */,
			);
			productRefGroup = FB7F1F2B2A6E508600F04E41 /* Products */;
			projectDirPath = "";
			projectRoot = "";
			targets = (
				FB7F1F292A6E508600F04E41 /* Movie App */,
			);
		};
/* End PBXProject section */

/* Begin PBXResourcesBuildPhase section */
		FB7F1F282A6E508600F04E41 /* Resources */ = {
			isa = PBXResourcesBuildPhase;
			buildActionMask = 2147483647;
			files = (
				FB7F1F3A2A6E508800F04E41 /* LaunchScreen.storyboard in Resources */,
				FBEBFC7A2A726EDA0051B8EF /* CastView.xib in Resources */,
				FB7F1F372A6E508800F04E41 /* Assets.xcassets in Resources */,
				FBC3875B2A73B33C00179216 /* RecommendationView.xib in Resources */,
				FB7D58C92A77C396001B00F9 /* RecommendationCell.xib in Resources */,
				FB7F1F492A6E5D9800F04E41 /* MovieCell.xib in Resources */,
				FB7F1F352A6E508600F04E41 /* Main.storyboard in Resources */,
				FB7D58C52A77BFAE001B00F9 /* ActorCell.xib in Resources */,
			);
			runOnlyForDeploymentPostprocessing = 0;
		};
/* End PBXResourcesBuildPhase section */

/* Begin PBXSourcesBuildPhase section */
		FB7F1F262A6E508600F04E41 /* Sources */ = {
			isa = PBXSourcesBuildPhase;
			buildActionMask = 2147483647;
			files = (
				FBC72C232A7A949300A6B09B /* UIConstants.swift in Sources */,
				FBB4F3F82A6FEB32001EF7EE /* TableViewExtension.swift in Sources */,
				FB7F1F512A6E642000F04E41 /* NetworkConstants.swift in Sources */,
				FB7F1F322A6E508600F04E41 /* PopularMoviesViewController.swift in Sources */,
				FB7D58C42A77BFAE001B00F9 /* ActorCell.swift in Sources */,
				FB7D58CB2A77C5B9001B00F9 /* CollectionViewExtension.swift in Sources */,
				FBC3875D2A73B35200179216 /* RecommendationView.swift in Sources */,
				FB6B970D2A78EBC70093798D /* CoreDataFunctions.swift in Sources */,
				FBB4F3F52A6FC48A001EF7EE /* SearchViewController.swift in Sources */,
				FB9B86992A710301003C24A8 /* MovieDetailViewController.swift in Sources */,
				FB7D58C82A77C396001B00F9 /* RecommendationCell.swift in Sources */,
				FB7F1F2E2A6E508600F04E41 /* AppDelegate.swift in Sources */,
				FB7F1F4B2A6E5DDC00F04E41 /* NetworkManager.swift in Sources */,
				FB7F1F482A6E5D9800F04E41 /* MovieCell.swift in Sources */,
				FB7F1F532A6E6C7F00F04E41 /* APIResults.swift in Sources */,
				FBB4F3FA2A6FFB80001EF7EE /* Utilities.swift in Sources */,
				FBC3875F2A73E26F00179216 /* CastViewController.swift in Sources */,
				FB7F1F302A6E508600F04E41 /* SceneDelegate.swift in Sources */,
				FB9B86972A70FA69003C24A8 /* Credits.swift in Sources */,
				FBEBFC7E2A728D4B0051B8EF /* FavoriteMoviesViewController.swift in Sources */,
				FBC72C212A7A33C300A6B09B /* MovieEntity+CoreDataProperties.swift in Sources */,
				FBC72C152A7A30B200A6B09B /* CoreDataStack.swift in Sources */,
				FB6B97112A7945EA0093798D /* MovieModel.xcdatamodeld in Sources */,
				FB7D58C02A779794001B00F9 /* NetworkService.swift in Sources */,
				FBC387612A73E42500179216 /* Actor.swift in Sources */,
				FB9B86952A70F67B003C24A8 /* MovieDetail.swift in Sources */,
				FBEBFC7C2A727E4D0051B8EF /* CastView.swift in Sources */,
				FBC72C202A7A33C300A6B09B /* MovieEntity+CoreDataClass.swift in Sources */,
				FB6B970F2A78EC2F0093798D /* CoreDataConstants.swift in Sources */,
			);
			runOnlyForDeploymentPostprocessing = 0;
		};
/* End PBXSourcesBuildPhase section */

/* Begin PBXVariantGroup section */
		FB7F1F332A6E508600F04E41 /* Main.storyboard */ = {
			isa = PBXVariantGroup;
			children = (
				FB7F1F342A6E508600F04E41 /* Base */,
			);
			name = Main.storyboard;
			sourceTree = "<group>";
		};
		FB7F1F382A6E508800F04E41 /* LaunchScreen.storyboard */ = {
			isa = PBXVariantGroup;
			children = (
				FB7F1F392A6E508800F04E41 /* Base */,
			);
			name = LaunchScreen.storyboard;
			sourceTree = "<group>";
		};
		FBEBFC782A726EDA0051B8EF /* CastView.xib */ = {
			isa = PBXVariantGroup;
			children = (
				FBEBFC792A726EDA0051B8EF /* Base */,
			);
			name = CastView.xib;
			sourceTree = "<group>";
		};
/* End PBXVariantGroup section */

/* Begin XCBuildConfiguration section */
		FB7F1F3C2A6E508800F04E41 /* Debug */ = {
			isa = XCBuildConfiguration;
			buildSettings = {
				ALWAYS_SEARCH_USER_PATHS = NO;
				CLANG_ANALYZER_NONNULL = YES;
				CLANG_ANALYZER_NUMBER_OBJECT_CONVERSION = YES_AGGRESSIVE;
				CLANG_CXX_LANGUAGE_STANDARD = "gnu++20";
				CLANG_ENABLE_MODULES = YES;
				CLANG_ENABLE_OBJC_ARC = YES;
				CLANG_ENABLE_OBJC_WEAK = YES;
				CLANG_WARN_BLOCK_CAPTURE_AUTORELEASING = YES;
				CLANG_WARN_BOOL_CONVERSION = YES;
				CLANG_WARN_COMMA = YES;
				CLANG_WARN_CONSTANT_CONVERSION = YES;
				CLANG_WARN_DEPRECATED_OBJC_IMPLEMENTATIONS = YES;
				CLANG_WARN_DIRECT_OBJC_ISA_USAGE = YES_ERROR;
				CLANG_WARN_DOCUMENTATION_COMMENTS = YES;
				CLANG_WARN_EMPTY_BODY = YES;
				CLANG_WARN_ENUM_CONVERSION = YES;
				CLANG_WARN_INFINITE_RECURSION = YES;
				CLANG_WARN_INT_CONVERSION = YES;
				CLANG_WARN_NON_LITERAL_NULL_CONVERSION = YES;
				CLANG_WARN_OBJC_IMPLICIT_RETAIN_SELF = YES;
				CLANG_WARN_OBJC_LITERAL_CONVERSION = YES;
				CLANG_WARN_OBJC_ROOT_CLASS = YES_ERROR;
				CLANG_WARN_QUOTED_INCLUDE_IN_FRAMEWORK_HEADER = YES;
				CLANG_WARN_RANGE_LOOP_ANALYSIS = YES;
				CLANG_WARN_STRICT_PROTOTYPES = YES;
				CLANG_WARN_SUSPICIOUS_MOVE = YES;
				CLANG_WARN_UNGUARDED_AVAILABILITY = YES_AGGRESSIVE;
				CLANG_WARN_UNREACHABLE_CODE = YES;
				CLANG_WARN__DUPLICATE_METHOD_MATCH = YES;
				COPY_PHASE_STRIP = NO;
				DEBUG_INFORMATION_FORMAT = dwarf;
				ENABLE_STRICT_OBJC_MSGSEND = YES;
				ENABLE_TESTABILITY = YES;
				GCC_C_LANGUAGE_STANDARD = gnu11;
				GCC_DYNAMIC_NO_PIC = NO;
				GCC_NO_COMMON_BLOCKS = YES;
				GCC_OPTIMIZATION_LEVEL = 0;
				GCC_PREPROCESSOR_DEFINITIONS = (
					"DEBUG=1",
					"$(inherited)",
				);
				GCC_WARN_64_TO_32_BIT_CONVERSION = YES;
				GCC_WARN_ABOUT_RETURN_TYPE = YES_ERROR;
				GCC_WARN_UNDECLARED_SELECTOR = YES;
				GCC_WARN_UNINITIALIZED_AUTOS = YES_AGGRESSIVE;
				GCC_WARN_UNUSED_FUNCTION = YES;
				GCC_WARN_UNUSED_VARIABLE = YES;
				IPHONEOS_DEPLOYMENT_TARGET = 16.4;
				MTL_ENABLE_DEBUG_INFO = INCLUDE_SOURCE;
				MTL_FAST_MATH = YES;
				ONLY_ACTIVE_ARCH = YES;
				SDKROOT = iphoneos;
				SWIFT_ACTIVE_COMPILATION_CONDITIONS = DEBUG;
				SWIFT_OPTIMIZATION_LEVEL = "-Onone";
			};
			name = Debug;
		};
		FB7F1F3D2A6E508800F04E41 /* Release */ = {
			isa = XCBuildConfiguration;
			buildSettings = {
				ALWAYS_SEARCH_USER_PATHS = NO;
				CLANG_ANALYZER_NONNULL = YES;
				CLANG_ANALYZER_NUMBER_OBJECT_CONVERSION = YES_AGGRESSIVE;
				CLANG_CXX_LANGUAGE_STANDARD = "gnu++20";
				CLANG_ENABLE_MODULES = YES;
				CLANG_ENABLE_OBJC_ARC = YES;
				CLANG_ENABLE_OBJC_WEAK = YES;
				CLANG_WARN_BLOCK_CAPTURE_AUTORELEASING = YES;
				CLANG_WARN_BOOL_CONVERSION = YES;
				CLANG_WARN_COMMA = YES;
				CLANG_WARN_CONSTANT_CONVERSION = YES;
				CLANG_WARN_DEPRECATED_OBJC_IMPLEMENTATIONS = YES;
				CLANG_WARN_DIRECT_OBJC_ISA_USAGE = YES_ERROR;
				CLANG_WARN_DOCUMENTATION_COMMENTS = YES;
				CLANG_WARN_EMPTY_BODY = YES;
				CLANG_WARN_ENUM_CONVERSION = YES;
				CLANG_WARN_INFINITE_RECURSION = YES;
				CLANG_WARN_INT_CONVERSION = YES;
				CLANG_WARN_NON_LITERAL_NULL_CONVERSION = YES;
				CLANG_WARN_OBJC_IMPLICIT_RETAIN_SELF = YES;
				CLANG_WARN_OBJC_LITERAL_CONVERSION = YES;
				CLANG_WARN_OBJC_ROOT_CLASS = YES_ERROR;
				CLANG_WARN_QUOTED_INCLUDE_IN_FRAMEWORK_HEADER = YES;
				CLANG_WARN_RANGE_LOOP_ANALYSIS = YES;
				CLANG_WARN_STRICT_PROTOTYPES = YES;
				CLANG_WARN_SUSPICIOUS_MOVE = YES;
				CLANG_WARN_UNGUARDED_AVAILABILITY = YES_AGGRESSIVE;
				CLANG_WARN_UNREACHABLE_CODE = YES;
				CLANG_WARN__DUPLICATE_METHOD_MATCH = YES;
				COPY_PHASE_STRIP = NO;
				DEBUG_INFORMATION_FORMAT = "dwarf-with-dsym";
				ENABLE_NS_ASSERTIONS = NO;
				ENABLE_STRICT_OBJC_MSGSEND = YES;
				GCC_C_LANGUAGE_STANDARD = gnu11;
				GCC_NO_COMMON_BLOCKS = YES;
				GCC_WARN_64_TO_32_BIT_CONVERSION = YES;
				GCC_WARN_ABOUT_RETURN_TYPE = YES_ERROR;
				GCC_WARN_UNDECLARED_SELECTOR = YES;
				GCC_WARN_UNINITIALIZED_AUTOS = YES_AGGRESSIVE;
				GCC_WARN_UNUSED_FUNCTION = YES;
				GCC_WARN_UNUSED_VARIABLE = YES;
				IPHONEOS_DEPLOYMENT_TARGET = 16.4;
				MTL_ENABLE_DEBUG_INFO = NO;
				MTL_FAST_MATH = YES;
				SDKROOT = iphoneos;
				SWIFT_COMPILATION_MODE = wholemodule;
				SWIFT_OPTIMIZATION_LEVEL = "-O";
				VALIDATE_PRODUCT = YES;
			};
			name = Release;
		};
		FB7F1F3F2A6E508800F04E41 /* Debug */ = {
			isa = XCBuildConfiguration;
			buildSettings = {
				ASSETCATALOG_COMPILER_APPICON_NAME = AppIcon;
				ASSETCATALOG_COMPILER_GLOBAL_ACCENT_COLOR_NAME = AccentColor;
				CODE_SIGN_STYLE = Automatic;
				CURRENT_PROJECT_VERSION = 1;
				DEVELOPMENT_TEAM = W7SQ4N4XMR;
				GENERATE_INFOPLIST_FILE = YES;
				INFOPLIST_FILE = "Movie App/Info.plist";
				INFOPLIST_KEY_UIApplicationSupportsIndirectInputEvents = YES;
				INFOPLIST_KEY_UILaunchStoryboardName = LaunchScreen;
				INFOPLIST_KEY_UIMainStoryboardFile = Main;
				INFOPLIST_KEY_UISupportedInterfaceOrientations_iPad = "UIInterfaceOrientationPortrait UIInterfaceOrientationPortraitUpsideDown UIInterfaceOrientationLandscapeLeft UIInterfaceOrientationLandscapeRight";
				INFOPLIST_KEY_UISupportedInterfaceOrientations_iPhone = "UIInterfaceOrientationPortrait UIInterfaceOrientationLandscapeLeft UIInterfaceOrientationLandscapeRight";
				IPHONEOS_DEPLOYMENT_TARGET = 13.0;
				LD_RUNPATH_SEARCH_PATHS = (
					"$(inherited)",
					"@executable_path/Frameworks",
				);
				MARKETING_VERSION = 1.0;
				PRODUCT_BUNDLE_IDENTIFIER = "com.oguzhan.Movie-App";
				PRODUCT_NAME = "$(TARGET_NAME)";
				SWIFT_EMIT_LOC_STRINGS = YES;
				SWIFT_VERSION = 5.0;
				TARGETED_DEVICE_FAMILY = "1,2";
			};
			name = Debug;
		};
		FB7F1F402A6E508800F04E41 /* Release */ = {
			isa = XCBuildConfiguration;
			buildSettings = {
				ASSETCATALOG_COMPILER_APPICON_NAME = AppIcon;
				ASSETCATALOG_COMPILER_GLOBAL_ACCENT_COLOR_NAME = AccentColor;
				CODE_SIGN_STYLE = Automatic;
				CURRENT_PROJECT_VERSION = 1;
				DEVELOPMENT_TEAM = W7SQ4N4XMR;
				GENERATE_INFOPLIST_FILE = YES;
				INFOPLIST_FILE = "Movie App/Info.plist";
				INFOPLIST_KEY_UIApplicationSupportsIndirectInputEvents = YES;
				INFOPLIST_KEY_UILaunchStoryboardName = LaunchScreen;
				INFOPLIST_KEY_UIMainStoryboardFile = Main;
				INFOPLIST_KEY_UISupportedInterfaceOrientations_iPad = "UIInterfaceOrientationPortrait UIInterfaceOrientationPortraitUpsideDown UIInterfaceOrientationLandscapeLeft UIInterfaceOrientationLandscapeRight";
				INFOPLIST_KEY_UISupportedInterfaceOrientations_iPhone = "UIInterfaceOrientationPortrait UIInterfaceOrientationLandscapeLeft UIInterfaceOrientationLandscapeRight";
				IPHONEOS_DEPLOYMENT_TARGET = 13.0;
				LD_RUNPATH_SEARCH_PATHS = (
					"$(inherited)",
					"@executable_path/Frameworks",
				);
				MARKETING_VERSION = 1.0;
				PRODUCT_BUNDLE_IDENTIFIER = "com.oguzhan.Movie-App";
				PRODUCT_NAME = "$(TARGET_NAME)";
				SWIFT_EMIT_LOC_STRINGS = YES;
				SWIFT_VERSION = 5.0;
				TARGETED_DEVICE_FAMILY = "1,2";
			};
			name = Release;
		};
/* End XCBuildConfiguration section */

/* Begin XCConfigurationList section */
		FB7F1F252A6E508600F04E41 /* Build configuration list for PBXProject "Movie App" */ = {
			isa = XCConfigurationList;
			buildConfigurations = (
				FB7F1F3C2A6E508800F04E41 /* Debug */,
				FB7F1F3D2A6E508800F04E41 /* Release */,
			);
			defaultConfigurationIsVisible = 0;
			defaultConfigurationName = Release;
		};
		FB7F1F3E2A6E508800F04E41 /* Build configuration list for PBXNativeTarget "Movie App" */ = {
			isa = XCConfigurationList;
			buildConfigurations = (
				FB7F1F3F2A6E508800F04E41 /* Debug */,
				FB7F1F402A6E508800F04E41 /* Release */,
			);
			defaultConfigurationIsVisible = 0;
			defaultConfigurationName = Release;
		};
/* End XCConfigurationList section */

/* Begin XCRemoteSwiftPackageReference section */
		FB70E98C2A6EBD1700B8E4D5 /* XCRemoteSwiftPackageReference "Kingfisher" */ = {
			isa = XCRemoteSwiftPackageReference;
			repositoryURL = "https://github.com/onevcat/Kingfisher.git";
			requirement = {
				kind = upToNextMajorVersion;
				minimumVersion = 7.0.0;
			};
		};
		FB7F1F4C2A6E5E0400F04E41 /* XCRemoteSwiftPackageReference "Alamofire" */ = {
			isa = XCRemoteSwiftPackageReference;
			repositoryURL = "https://github.com/Alamofire/Alamofire.git";
			requirement = {
				kind = upToNextMajorVersion;
				minimumVersion = 5.0.0;
			};
		};
/* End XCRemoteSwiftPackageReference section */

/* Begin XCSwiftPackageProductDependency section */
		FB70E98D2A6EBD1700B8E4D5 /* Kingfisher */ = {
			isa = XCSwiftPackageProductDependency;
			package = FB70E98C2A6EBD1700B8E4D5 /* XCRemoteSwiftPackageReference "Kingfisher" */;
			productName = Kingfisher;
		};
		FB7F1F4D2A6E5E0400F04E41 /* Alamofire */ = {
			isa = XCSwiftPackageProductDependency;
			package = FB7F1F4C2A6E5E0400F04E41 /* XCRemoteSwiftPackageReference "Alamofire" */;
			productName = Alamofire;
		};
/* End XCSwiftPackageProductDependency section */

/* Begin XCVersionGroup section */
		FB6B97092A78E32B0093798D /* MovieModel.xcdatamodeld */ = {
			isa = XCVersionGroup;
			children = (
				FB6B970A2A78E32B0093798D /* MovieModel.xcdatamodel */,
			);
			currentVersion = FB6B970A2A78E32B0093798D /* MovieModel.xcdatamodel */;
			path = MovieModel.xcdatamodeld;
			sourceTree = "<group>";
			versionGroupType = wrapper.xcdatamodel;
		};
/* End XCVersionGroup section */
	};
	rootObject = FB7F1F222A6E508600F04E41 /* Project object */;
}
